
Microsoft Visual Studio Solution File, Format Version 12.00
# Visual Studio Version 17
VisualStudioVersion = 17.8.34330.188
MinimumVisualStudioVersion = 10.0.40219.1
Project("{FAE04EC0-301F-11D3-BF4B-00C04F79EFBC}") = "EcommerceWebsite", "EcommerceWebsite\EcommerceWebsite.csproj", "{56721D0F-7BF6-4532-A583-521FCEC07F22}"
EndProject
Global
	GlobalSection(SolutionConfigurationPlatforms) = preSolution
		Debug|Any CPU = Debug|Any CPU
		Release|Any CPU = Release|Any CPU
	EndGlobalSection
	GlobalSection(ProjectConfigurationPlatforms) = postSolution
		{56721D0F-7BF6-4532-A583-521FCEC07F22}.Debug|Any CPU.ActiveCfg = Debug|Any CPU
		{56721D0F-7BF6-4532-A583-521FCEC07F22}.Debug|Any CPU.Build.0 = Debug|Any CPU
		{56721D0F-7BF6-4532-A583-521FCEC07F22}.Release|Any CPU.ActiveCfg = Release|Any CPU
		{56721D0F-7BF6-4532-A583-521FCEC07F22}.Release|Any CPU.Build.0 = Release|Any CPU
	EndGlobalSection
	GlobalSection(SolutionProperties) = preSolution
		HideSolutionNode = FALSE
	EndGlobalSection
	GlobalSection(ExtensibilityGlobals) = postSolution
		SolutionGuid = {979E6AE4-9E39-4832-8D88-56149A55148F}
	EndGlobalSection
EndGlobal
